
Microsoft Visual Studio Solution File, Format Version 11.00
# Visual C# Express 2010
Project("{FAE04EC0-301F-11D3-BF4B-00C04F79EFBC}") = "IRreceiver", "IRreceiver\IRreceiver.csproj", "{14498D2B-2437-4152-8FB3-5A4FD6F5CA83}"
EndProject
Global
	GlobalSection(SolutionConfigurationPlatforms) = preSolution
		Debug|Any CPU = Debug|Any CPU
		Release|Any CPU = Release|Any CPU
	EndGlobalSection
	GlobalSection(ProjectConfigurationPlatforms) = postSolution
		{14498D2B-2437-4152-8FB3-5A4FD6F5CA83}.Debug|Any CPU.ActiveCfg = Debug|Any CPU
		{14498D2B-2437-4152-8FB3-5A4FD6F5CA83}.Debug|Any CPU.Build.0 = Debug|Any CPU
		{14498D2B-2437-4152-8FB3-5A4FD6F5CA83}.Debug|Any CPU.Deploy.0 = Debug|Any CPU
		{14498D2B-2437-4152-8FB3-5A4FD6F5CA83}.Release|Any CPU.ActiveCfg = Release|Any CPU
		{14498D2B-2437-4152-8FB3-5A4FD6F5CA83}.Release|Any CPU.Build.0 = Release|Any CPU
		{14498D2B-2437-4152-8FB3-5A4FD6F5CA83}.Release|Any CPU.Deploy.0 = Release|Any CPU
	EndGlobalSection
	GlobalSection(SolutionProperties) = preSolution
		HideSolutionNode = FALSE
	EndGlobalSection
EndGlobal
